
Microsoft Visual Studio Solution File, Format Version 12.00
# Visual Studio Version 17
VisualStudioVersion = 17.5.002.0
MinimumVisualStudioVersion = 10.0.40219.1
Project("{2150E333-8FDC-42A3-9474-1A3956D46DE8}") = "design-patterns-structural", "design-patterns-structural", "{EEC332BC-322F-4060-8871-9B73D7CF2EA6}"
EndProject
Project("{FAE04EC0-301F-11D3-BF4B-00C04F79EFBC}") = "Adapter", "Adapter\Adapter.csproj", "{DC8B1259-A049-4555-8BFC-233ACB391BB7}"
EndProject
Project("{FAE04EC0-301F-11D3-BF4B-00C04F79EFBC}") = "Bridge", "Bridge\Bridge.csproj", "{A9F5AE47-7C24-4CB5-B2A6-FC092ED99756}"
EndProject
Global
	GlobalSection(SolutionConfigurationPlatforms) = preSolution
		Debug|Any CPU = Debug|Any CPU
		Release|Any CPU = Release|Any CPU
	EndGlobalSection
	GlobalSection(ProjectConfigurationPlatforms) = postSolution
		{28F129CE-B87C-424B-9FA3-822B72F50298}.Debug|Any CPU.ActiveCfg = Debug|Any CPU
		{28F129CE-B87C-424B-9FA3-822B72F50298}.Debug|Any CPU.Build.0 = Debug|Any CPU
		{28F129CE-B87C-424B-9FA3-822B72F50298}.Release|Any CPU.ActiveCfg = Release|Any CPU
		{28F129CE-B87C-424B-9FA3-822B72F50298}.Release|Any CPU.Build.0 = Release|Any CPU
		{FC68D537-698C-4359-8041-8C91F7A8ECE2}.Debug|Any CPU.ActiveCfg = Debug|Any CPU
		{FC68D537-698C-4359-8041-8C91F7A8ECE2}.Debug|Any CPU.Build.0 = Debug|Any CPU
		{FC68D537-698C-4359-8041-8C91F7A8ECE2}.Release|Any CPU.ActiveCfg = Release|Any CPU
		{FC68D537-698C-4359-8041-8C91F7A8ECE2}.Release|Any CPU.Build.0 = Release|Any CPU
		{DC8B1259-A049-4555-8BFC-233ACB391BB7}.Debug|Any CPU.ActiveCfg = Debug|Any CPU
		{DC8B1259-A049-4555-8BFC-233ACB391BB7}.Debug|Any CPU.Build.0 = Debug|Any CPU
		{DC8B1259-A049-4555-8BFC-233ACB391BB7}.Release|Any CPU.ActiveCfg = Release|Any CPU
		{DC8B1259-A049-4555-8BFC-233ACB391BB7}.Release|Any CPU.Build.0 = Release|Any CPU
		{A9F5AE47-7C24-4CB5-B2A6-FC092ED99756}.Debug|Any CPU.ActiveCfg = Debug|Any CPU
		{A9F5AE47-7C24-4CB5-B2A6-FC092ED99756}.Debug|Any CPU.Build.0 = Debug|Any CPU
		{A9F5AE47-7C24-4CB5-B2A6-FC092ED99756}.Release|Any CPU.ActiveCfg = Release|Any CPU
		{A9F5AE47-7C24-4CB5-B2A6-FC092ED99756}.Release|Any CPU.Build.0 = Release|Any CPU
	EndGlobalSection
	GlobalSection(SolutionProperties) = preSolution
		HideSolutionNode = FALSE
	EndGlobalSection
	GlobalSection(NestedProjects) = preSolution
		{28F129CE-B87C-424B-9FA3-822B72F50298} = {EEC332BC-322F-4060-8871-9B73D7CF2EA6}
		{FC68D537-698C-4359-8041-8C91F7A8ECE2} = {EEC332BC-322F-4060-8871-9B73D7CF2EA6}
	EndGlobalSection
	GlobalSection(ExtensibilityGlobals) = postSolution
		SolutionGuid = {10E345CA-8643-44E0-A2EA-6A0C5CCA4C54}
	EndGlobalSection
EndGlobal
