
Microsoft Visual Studio Solution File, Format Version 12.00
# Visual Studio Version 17
VisualStudioVersion = 17.5.002.0
MinimumVisualStudioVersion = 10.0.40219.1
Project("{2150E333-8FDC-42A3-9474-1A3956D46DE8}") = "design-patterns-structural", "design-patterns-structural", "{EB7A4495-FA5B-4466-8A8F-1D40F8C33D71}"
EndProject
Project("{9A19103F-16F7-4668-BE54-9A1E7A4F7556}") = "Adapter", "design-patterns-structural\Adapter\Adapter.csproj", "{AC78876D-A0BE-4757-87D5-13F72FDCC489}"
EndProject
Global
	GlobalSection(SolutionConfigurationPlatforms) = preSolution
		Debug|Any CPU = Debug|Any CPU
		Release|Any CPU = Release|Any CPU
	EndGlobalSection
	GlobalSection(ProjectConfigurationPlatforms) = postSolution
		{AC78876D-A0BE-4757-87D5-13F72FDCC489}.Debug|Any CPU.ActiveCfg = Debug|Any CPU
		{AC78876D-A0BE-4757-87D5-13F72FDCC489}.Debug|Any CPU.Build.0 = Debug|Any CPU
		{AC78876D-A0BE-4757-87D5-13F72FDCC489}.Release|Any CPU.ActiveCfg = Release|Any CPU
		{AC78876D-A0BE-4757-87D5-13F72FDCC489}.Release|Any CPU.Build.0 = Release|Any CPU
	EndGlobalSection
	GlobalSection(SolutionProperties) = preSolution
		HideSolutionNode = FALSE
	EndGlobalSection
	GlobalSection(NestedProjects) = preSolution
		{AC78876D-A0BE-4757-87D5-13F72FDCC489} = {EB7A4495-FA5B-4466-8A8F-1D40F8C33D71}
	EndGlobalSection
	GlobalSection(ExtensibilityGlobals) = postSolution
		SolutionGuid = {10E345CA-8643-44E0-A2EA-6A0C5CCA4C54}
	EndGlobalSection
EndGlobal
